# This file is autogenerated, do not edit; changes may be undone by the next 'dep ensure'.


[[projects]]
  digest = "1:850c49ca338a10fec2cb9e78f793043ed23965489d09e30bcc19fe29719da313"
  name = "github.com/go-sql-driver/mysql"
  packages = ["."]
  pruneopts = "UT"
  revision = "a0583e0143b1624142adab07e0e97fe106d99561"
  version = "v1.3.0"

[[projects]]
  branch = "master"
  digest = "1:5a5c5247a21047ff2e05d9580aa3d35da87e796d354131065b704c882ea4d850"
  name = "github.com/liufee/go-lib"
  packages = [
    "compress",
    "db",
    "excel",
    "file/text",
    "mail",
    "utils/crypt",
    "utils/json",
  ]
  pruneopts = "UT"
  revision = "39a6fbd136c206c527f474704a564d1a3a78605f"
  source = "github.com/liufee/go-lib"

[[projects]]
  digest = "1:e60f2f1cd2e8dfdea48c2440c303d103266e754ab1d8b75796a4e4caddb7a68c"
  name = "github.com/tealeg/xlsx"
  packages = ["."]
  pruneopts = "UT"
  revision = "8be35264fa75a1bbe954ce51eba04f273e2c59e5"
  version = "v1.0.3"

[[projects]]
  branch = "v3"
  digest = "1:7388652e2215a3f45d341d58766ed58317971030eb1cbd75f005f96ace8e9196"
  name = "gopkg.in/alexcesaro/quotedprintable.v3"
  packages = ["."]
  pruneopts = "UT"
  revision = "2caba252f4dc53eaf6b553000885530023f54623"

[[projects]]
  digest = "1:eebd52aee67d9f1e0af1859a584e14b1817581dd5f90d4585418c27b6a93c966"
  name = "gopkg.in/gomail.v2"
  packages = ["."]
  pruneopts = "UT"
  revision = "41f3572897373c5538c50a2402db15db079fa4fd"
  version = "2.0.0"

[solve-meta]
  analyzer-name = "dep"
  analyzer-version = 1
  input-imports = [
    "github.com/go-sql-driver/mysql",
    "github.com/liufee/go-lib/compress",
    "github.com/liufee/go-lib/db",
    "github.com/liufee/go-lib/excel",
    "github.com/liufee/go-lib/file/text",
    "github.com/liufee/go-lib/mail",
    "github.com/liufee/go-lib/utils/crypt",
    "github.com/liufee/go-lib/utils/json",
    "github.com/tealeg/xlsx",
    "gopkg.in/gomail.v2",
  ]
  solver-name = "gps-cdcl"
  solver-version = 1
